
Microsoft Visual Studio Solution File, Format Version 12.00
# Visual Studio Version 16
VisualStudioVersion = 16.0.31424.327
MinimumVisualStudioVersion = 10.0.40219.1
Project("{9A19103F-16F7-4668-BE54-9A1E7A4F7556}") = "CodeWars", "CodeWars\CodeWars.csproj", "{BE7F103A-C054-44F9-8DCF-898030FF3278}"
EndProject
Project("{9A19103F-16F7-4668-BE54-9A1E7A4F7556}") = "CodeWars_Test", "CodeWars_Test\CodeWars_Test.csproj", "{DFF64E47-984A-4DB2-B4C6-3B145B75CDBE}"
EndProject
Global
	GlobalSection(SolutionConfigurationPlatforms) = preSolution
		Debug|Any CPU = Debug|Any CPU
		Release|Any CPU = Release|Any CPU
	EndGlobalSection
	GlobalSection(ProjectConfigurationPlatforms) = postSolution
		{BE7F103A-C054-44F9-8DCF-898030FF3278}.Debug|Any CPU.ActiveCfg = Debug|Any CPU
		{BE7F103A-C054-44F9-8DCF-898030FF3278}.Debug|Any CPU.Build.0 = Debug|Any CPU
		{BE7F103A-C054-44F9-8DCF-898030FF3278}.Release|Any CPU.ActiveCfg = Release|Any CPU
		{BE7F103A-C054-44F9-8DCF-898030FF3278}.Release|Any CPU.Build.0 = Release|Any CPU
		{DFF64E47-984A-4DB2-B4C6-3B145B75CDBE}.Debug|Any CPU.ActiveCfg = Debug|Any CPU
		{DFF64E47-984A-4DB2-B4C6-3B145B75CDBE}.Debug|Any CPU.Build.0 = Debug|Any CPU
		{DFF64E47-984A-4DB2-B4C6-3B145B75CDBE}.Release|Any CPU.ActiveCfg = Release|Any CPU
		{DFF64E47-984A-4DB2-B4C6-3B145B75CDBE}.Release|Any CPU.Build.0 = Release|Any CPU
	EndGlobalSection
	GlobalSection(SolutionProperties) = preSolution
		HideSolutionNode = FALSE
	EndGlobalSection
	GlobalSection(ExtensibilityGlobals) = postSolution
		SolutionGuid = {CA7A6498-6D46-407E-AB4D-1FF9B8D3F067}
	EndGlobalSection
EndGlobal
